
Microsoft Visual Studio Solution File, Format Version 12.00
# Visual Studio 15
VisualStudioVersion = 15.0.27130.2027
MinimumVisualStudioVersion = 10.0.40219.1
Project("{FAE04EC0-301F-11D3-BF4B-00C04F79EFBC}") = "TareaDesarrolloWeb.web", "TareaDesarrolloWeb.web\TareaDesarrolloWeb.web.csproj", "{5294DB18-1855-49A9-BDE9-7A42BAEB7339}"
EndProject
Project("{FAE04EC0-301F-11D3-BF4B-00C04F79EFBC}") = "TareaDesarrolloWeb.Logica", "TareaDesarrolloWeb.Logica\TareaDesarrolloWeb.Logica.csproj", "{2CEE3F7C-D5C3-48B5-ABF7-B4D13B1F75EF}"
EndProject
Global
	GlobalSection(SolutionConfigurationPlatforms) = preSolution
		Debug|Any CPU = Debug|Any CPU
		Release|Any CPU = Release|Any CPU
	EndGlobalSection
	GlobalSection(ProjectConfigurationPlatforms) = postSolution
		{5294DB18-1855-49A9-BDE9-7A42BAEB7339}.Debug|Any CPU.ActiveCfg = Debug|Any CPU
		{5294DB18-1855-49A9-BDE9-7A42BAEB7339}.Debug|Any CPU.Build.0 = Debug|Any CPU
		{5294DB18-1855-49A9-BDE9-7A42BAEB7339}.Release|Any CPU.ActiveCfg = Release|Any CPU
		{5294DB18-1855-49A9-BDE9-7A42BAEB7339}.Release|Any CPU.Build.0 = Release|Any CPU
		{2CEE3F7C-D5C3-48B5-ABF7-B4D13B1F75EF}.Debug|Any CPU.ActiveCfg = Debug|Any CPU
		{2CEE3F7C-D5C3-48B5-ABF7-B4D13B1F75EF}.Debug|Any CPU.Build.0 = Debug|Any CPU
		{2CEE3F7C-D5C3-48B5-ABF7-B4D13B1F75EF}.Release|Any CPU.ActiveCfg = Release|Any CPU
		{2CEE3F7C-D5C3-48B5-ABF7-B4D13B1F75EF}.Release|Any CPU.Build.0 = Release|Any CPU
	EndGlobalSection
	GlobalSection(SolutionProperties) = preSolution
		HideSolutionNode = FALSE
	EndGlobalSection
	GlobalSection(ExtensibilityGlobals) = postSolution
		SolutionGuid = {C8A1373A-51FA-4998-AC7A-38AC5DD4E924}
	EndGlobalSection
EndGlobal
